# This file is autogenerated, do not edit; changes may be undone by the next 'dep ensure'.


[[projects]]
  branch = "STEP-140-command-exit-code"
  digest = "1:db3fe1b349efbe9885e49b1f57a4f52e8d70150349888bd499e712efceef3683"
  name = "github.com/bitrise-io/go-utils"
  packages = ["errorutil"]
  pruneopts = "UT"
  revision = "094c2d590d0bafc129778c487360109c3c8e70f5"

[solve-meta]
  analyzer-name = "dep"
  analyzer-version = 1
  input-imports = ["github.com/bitrise-io/go-utils/errorutil"]
  solver-name = "gps-cdcl"
  solver-version = 1
